Microsoft Visual Studio Solution File, Format Version 12.00
# Visual Studio 15
VisualStudioVersion = 15.0.28307.902
MinimumVisualStudioVersion = 10.0.40219.1
Project("{FAE04EC0-301F-11D3-BF4B-00C04F79EFBC}") = "myTestApp.Android", "myTestApp.Android\myTestApp.Android.csproj", "{129120BC-6D0B-4232-94F5-0B6021ED66C9}"
EndProject
Project("{FAE04EC0-301F-11D3-BF4B-00C04F79EFBC}") = "myTestApp.iOS", "myTestApp.iOS\myTestApp.iOS.csproj", "{91646134-33E0-41F9-B4AE-0A7DE96BB911}"
EndProject
Project("{9A19103F-16F7-4668-BE54-9A1E7A4F7556}") = "myTestApp", "myTestApp\myTestApp.csproj", "{951D56ED-E688-48BF-AD0A-91B449829541}"
EndProject
Project("{FAE04EC0-301F-11D3-BF4B-00C04F79EFBC}") = "mytestApp.MacOS", "mytestApp.MacOS\mytestApp.MacOS.csproj", "{D38E6CF5-21A9-4424-BC3D-47DFA04DEBF9}"
EndProject
Project("{FAE04EC0-301F-11D3-BF4B-00C04F79EFBC}") = "myTestApp.UWP", "myTestApp.UWP\myTestApp.UWP.csproj", "{8BFB01DC-5546-4674-8248-8757804FFF78}"
EndProject
Global
	GlobalSection(SolutionConfigurationPlatforms) = preSolution
		Debug|Any CPU = Debug|Any CPU
		Debug|ARM = Debug|ARM
		Debug|ARM64 = Debug|ARM64
		Debug|iPhone = Debug|iPhone
		Debug|iPhoneSimulator = Debug|iPhoneSimulator
		Debug|x64 = Debug|x64
		Debug|x86 = Debug|x86
		Release|Any CPU = Release|Any CPU
		Release|ARM = Release|ARM
		Release|ARM64 = Release|ARM64
		Release|iPhone = Release|iPhone
		Release|iPhoneSimulator = Release|iPhoneSimulator
		Release|x64 = Release|x64
		Release|x86 = Release|x86
	EndGlobalSection
	GlobalSection(ProjectConfigurationPlatforms) = postSolution
		{129120BC-6D0B-4232-94F5-0B6021ED66C9}.Debug|Any CPU.ActiveCfg = Debug|Any CPU
		{129120BC-6D0B-4232-94F5-0B6021ED66C9}.Debug|Any CPU.Build.0 = Debug|Any CPU
		{129120BC-6D0B-4232-94F5-0B6021ED66C9}.Debug|ARM.ActiveCfg = Debug|Any CPU
		{129120BC-6D0B-4232-94F5-0B6021ED66C9}.Debug|ARM.Build.0 = Debug|Any CPU
		{129120BC-6D0B-4232-94F5-0B6021ED66C9}.Debug|ARM.Deploy.0 = Debug|Any CPU
		{129120BC-6D0B-4232-94F5-0B6021ED66C9}.Debug|ARM64.ActiveCfg = Debug|Any CPU
		{129120BC-6D0B-4232-94F5-0B6021ED66C9}.Debug|ARM64.Build.0 = Debug|Any CPU
		{129120BC-6D0B-4232-94F5-0B6021ED66C9}.Debug|ARM64.Deploy.0 = Debug|Any CPU
		{129120BC-6D0B-4232-94F5-0B6021ED66C9}.Debug|iPhone.ActiveCfg = Debug|Any CPU
		{129120BC-6D0B-4232-94F5-0B6021ED66C9}.Debug|iPhone.Build.0 = Debug|Any CPU
		{129120BC-6D0B-4232-94F5-0B6021ED66C9}.Debug|iPhoneSimulator.ActiveCfg = Debug|Any CPU
		{129120BC-6D0B-4232-94F5-0B6021ED66C9}.Debug|iPhoneSimulator.Build.0 = Debug|Any CPU
		{129120BC-6D0B-4232-94F5-0B6021ED66C9}.Debug|x64.ActiveCfg = Debug|Any CPU
		{129120BC-6D0B-4232-94F5-0B6021ED66C9}.Debug|x64.Build.0 = Debug|Any CPU
		{129120BC-6D0B-4232-94F5-0B6021ED66C9}.Debug|x64.Deploy.0 = Debug|Any CPU
		{129120BC-6D0B-4232-94F5-0B6021ED66C9}.Debug|x86.ActiveCfg = Debug|Any CPU
		{129120BC-6D0B-4232-94F5-0B6021ED66C9}.Debug|x86.Build.0 = Debug|Any CPU
		{129120BC-6D0B-4232-94F5-0B6021ED66C9}.Debug|x86.Deploy.0 = Debug|Any CPU
		{129120BC-6D0B-4232-94F5-0B6021ED66C9}.Release|Any CPU.ActiveCfg = Release|Any CPU
		{129120BC-6D0B-4232-94F5-0B6021ED66C9}.Release|Any CPU.Build.0 = Release|Any CPU
		{129120BC-6D0B-4232-94F5-0B6021ED66C9}.Release|ARM.ActiveCfg = Release|Any CPU
		{129120BC-6D0B-4232-94F5-0B6021ED66C9}.Release|ARM.Build.0 = Release|Any CPU
		{129120BC-6D0B-4232-94F5-0B6021ED66C9}.Release|ARM.Deploy.0 = Release|Any CPU
		{129120BC-6D0B-4232-94F5-0B6021ED66C9}.Release|ARM64.ActiveCfg = Release|Any CPU
		{129120BC-6D0B-4232-94F5-0B6021ED66C9}.Release|ARM64.Build.0 = Release|Any CPU
		{129120BC-6D0B-4232-94F5-0B6021ED66C9}.Release|ARM64.Deploy.0 = Release|Any CPU
		{129120BC-6D0B-4232-94F5-0B6021ED66C9}.Release|iPhone.ActiveCfg = Release|Any CPU
		{129120BC-6D0B-4232-94F5-0B6021ED66C9}.Release|iPhone.Build.0 = Release|Any CPU
		{129120BC-6D0B-4232-94F5-0B6021ED66C9}.Release|iPhoneSimulator.ActiveCfg = Release|Any CPU
		{129120BC-6D0B-4232-94F5-0B6021ED66C9}.Release|iPhoneSimulator.Build.0 = Release|Any CPU
		{129120BC-6D0B-4232-94F5-0B6021ED66C9}.Release|x64.ActiveCfg = Release|Any CPU
		{129120BC-6D0B-4232-94F5-0B6021ED66C9}.Release|x64.Build.0 = Release|Any CPU
		{129120BC-6D0B-4232-94F5-0B6021ED66C9}.Release|x64.Deploy.0 = Release|Any CPU
		{129120BC-6D0B-4232-94F5-0B6021ED66C9}.Release|x86.ActiveCfg = Release|Any CPU
		{129120BC-6D0B-4232-94F5-0B6021ED66C9}.Release|x86.Build.0 = Release|Any CPU
		{129120BC-6D0B-4232-94F5-0B6021ED66C9}.Release|x86.Deploy.0 = Release|Any CPU
		{91646134-33E0-41F9-B4AE-0A7DE96BB911}.Debug|Any CPU.ActiveCfg = Debug|iPhoneSimulator
		{91646134-33E0-41F9-B4AE-0A7DE96BB911}.Debug|Any CPU.Build.0 = Debug|iPhoneSimulator
		{91646134-33E0-41F9-B4AE-0A7DE96BB911}.Debug|ARM.ActiveCfg = Debug|iPhone
		{91646134-33E0-41F9-B4AE-0A7DE96BB911}.Debug|ARM64.ActiveCfg = Debug|iPhone
		{91646134-33E0-41F9-B4AE-0A7DE96BB911}.Debug|iPhone.ActiveCfg = Debug|iPhone
		{91646134-33E0-41F9-B4AE-0A7DE96BB911}.Debug|iPhone.Build.0 = Debug|iPhone
		{91646134-33E0-41F9-B4AE-0A7DE96BB911}.Debug|iPhoneSimulator.ActiveCfg = Debug|iPhoneSimulator
		{91646134-33E0-41F9-B4AE-0A7DE96BB911}.Debug|iPhoneSimulator.Build.0 = Debug|iPhoneSimulator
		{91646134-33E0-41F9-B4AE-0A7DE96BB911}.Debug|x64.ActiveCfg = Debug|iPhone
		{91646134-33E0-41F9-B4AE-0A7DE96BB911}.Debug|x86.ActiveCfg = Debug|iPhone
		{91646134-33E0-41F9-B4AE-0A7DE96BB911}.Release|Any CPU.ActiveCfg = Release|iPhoneSimulator
		{91646134-33E0-41F9-B4AE-0A7DE96BB911}.Release|Any CPU.Build.0 = Release|iPhoneSimulator
		{91646134-33E0-41F9-B4AE-0A7DE96BB911}.Release|ARM.ActiveCfg = Release|iPhone
		{91646134-33E0-41F9-B4AE-0A7DE96BB911}.Release|ARM64.ActiveCfg = Release|iPhone
		{91646134-33E0-41F9-B4AE-0A7DE96BB911}.Release|iPhone.ActiveCfg = Release|iPhone
		{91646134-33E0-41F9-B4AE-0A7DE96BB911}.Release|iPhone.Build.0 = Release|iPhone
		{91646134-33E0-41F9-B4AE-0A7DE96BB911}.Release|iPhoneSimulator.ActiveCfg = Release|iPhoneSimulator
		{91646134-33E0-41F9-B4AE-0A7DE96BB911}.Release|iPhoneSimulator.Build.0 = Release|iPhoneSimulator
		{91646134-33E0-41F9-B4AE-0A7DE96BB911}.Release|x64.ActiveCfg = Release|iPhone
		{91646134-33E0-41F9-B4AE-0A7DE96BB911}.Release|x86.ActiveCfg = Release|iPhone
		{951D56ED-E688-48BF-AD0A-91B449829541}.Debug|Any CPU.ActiveCfg = Debug|Any CPU
		{951D56ED-E688-48BF-AD0A-91B449829541}.Debug|Any CPU.Build.0 = Debug|Any CPU
		{951D56ED-E688-48BF-AD0A-91B449829541}.Debug|ARM.ActiveCfg = Debug|Any CPU
		{951D56ED-E688-48BF-AD0A-91B449829541}.Debug|ARM.Build.0 = Debug|Any CPU
		{951D56ED-E688-48BF-AD0A-91B449829541}.Debug|ARM64.ActiveCfg = Debug|Any CPU
		{951D56ED-E688-48BF-AD0A-91B449829541}.Debug|ARM64.Build.0 = Debug|Any CPU
		{951D56ED-E688-48BF-AD0A-91B449829541}.Debug|iPhone.ActiveCfg = Debug|Any CPU
		{951D56ED-E688-48BF-AD0A-91B449829541}.Debug|iPhone.Build.0 = Debug|Any CPU
		{951D56ED-E688-48BF-AD0A-91B449829541}.Debug|iPhoneSimulator.ActiveCfg = Debug|Any CPU
		{951D56ED-E688-48BF-AD0A-91B449829541}.Debug|iPhoneSimulator.Build.0 = Debug|Any CPU
		{951D56ED-E688-48BF-AD0A-91B449829541}.Debug|x64.ActiveCfg = Debug|Any CPU
		{951D56ED-E688-48BF-AD0A-91B449829541}.Debug|x64.Build.0 = Debug|Any CPU
		{951D56ED-E688-48BF-AD0A-91B449829541}.Debug|x86.ActiveCfg = Debug|Any CPU
		{951D56ED-E688-48BF-AD0A-91B449829541}.Debug|x86.Build.0 = Debug|Any CPU
		{951D56ED-E688-48BF-AD0A-91B449829541}.Release|Any CPU.ActiveCfg = Release|Any CPU
		{951D56ED-E688-48BF-AD0A-91B449829541}.Release|Any CPU.Build.0 = Release|Any CPU
		{951D56ED-E688-48BF-AD0A-91B449829541}.Release|ARM.ActiveCfg = Release|Any CPU
		{951D56ED-E688-48BF-AD0A-91B449829541}.Release|ARM.Build.0 = Release|Any CPU
		{951D56ED-E688-48BF-AD0A-91B449829541}.Release|ARM64.ActiveCfg = Release|Any CPU
		{951D56ED-E688-48BF-AD0A-91B449829541}.Release|ARM64.Build.0 = Release|Any CPU
		{951D56ED-E688-48BF-AD0A-91B449829541}.Release|iPhone.ActiveCfg = Release|Any CPU
		{951D56ED-E688-48BF-AD0A-91B449829541}.Release|iPhone.Build.0 = Release|Any CPU
		{951D56ED-E688-48BF-AD0A-91B449829541}.Release|iPhoneSimulator.ActiveCfg = Release|Any CPU
		{951D56ED-E688-48BF-AD0A-91B449829541}.Release|iPhoneSimulator.Build.0 = Release|Any CPU
		{951D56ED-E688-48BF-AD0A-91B449829541}.Release|x64.ActiveCfg = Release|Any CPU
		{951D56ED-E688-48BF-AD0A-91B449829541}.Release|x64.Build.0 = Release|Any CPU
		{951D56ED-E688-48BF-AD0A-91B449829541}.Release|x86.ActiveCfg = Release|Any CPU
		{951D56ED-E688-48BF-AD0A-91B449829541}.Release|x86.Build.0 = Release|Any CPU
		{D38E6CF5-21A9-4424-BC3D-47DFA04DEBF9}.Debug|Any CPU.ActiveCfg = Debug|Any CPU
		{D38E6CF5-21A9-4424-BC3D-47DFA04DEBF9}.Debug|Any CPU.Build.0 = Debug|Any CPU
		{D38E6CF5-21A9-4424-BC3D-47DFA04DEBF9}.Debug|ARM.ActiveCfg = Debug|Any CPU
		{D38E6CF5-21A9-4424-BC3D-47DFA04DEBF9}.Debug|ARM.Build.0 = Debug|Any CPU
		{D38E6CF5-21A9-4424-BC3D-47DFA04DEBF9}.Debug|ARM64.ActiveCfg = Debug|Any CPU
		{D38E6CF5-21A9-4424-BC3D-47DFA04DEBF9}.Debug|ARM64.Build.0 = Debug|Any CPU
		{D38E6CF5-21A9-4424-BC3D-47DFA04DEBF9}.Debug|iPhone.ActiveCfg = Debug|Any CPU
		{D38E6CF5-21A9-4424-BC3D-47DFA04DEBF9}.Debug|iPhone.Build.0 = Debug|Any CPU
		{D38E6CF5-21A9-4424-BC3D-47DFA04DEBF9}.Debug|iPhoneSimulator.ActiveCfg = Debug|Any CPU
		{D38E6CF5-21A9-4424-BC3D-47DFA04DEBF9}.Debug|iPhoneSimulator.Build.0 = Debug|Any CPU
		{D38E6CF5-21A9-4424-BC3D-47DFA04DEBF9}.Debug|x64.ActiveCfg = Debug|Any CPU
		{D38E6CF5-21A9-4424-BC3D-47DFA04DEBF9}.Debug|x64.Build.0 = Debug|Any CPU
		{D38E6CF5-21A9-4424-BC3D-47DFA04DEBF9}.Debug|x86.ActiveCfg = Debug|Any CPU
		{D38E6CF5-21A9-4424-BC3D-47DFA04DEBF9}.Debug|x86.Build.0 = Debug|Any CPU
		{D38E6CF5-21A9-4424-BC3D-47DFA04DEBF9}.Release|Any CPU.ActiveCfg = Release|Any CPU
		{D38E6CF5-21A9-4424-BC3D-47DFA04DEBF9}.Release|Any CPU.Build.0 = Release|Any CPU
		{D38E6CF5-21A9-4424-BC3D-47DFA04DEBF9}.Release|ARM.ActiveCfg = Release|Any CPU
		{D38E6CF5-21A9-4424-BC3D-47DFA04DEBF9}.Release|ARM.Build.0 = Release|Any CPU
		{D38E6CF5-21A9-4424-BC3D-47DFA04DEBF9}.Release|ARM64.ActiveCfg = Release|Any CPU
		{D38E6CF5-21A9-4424-BC3D-47DFA04DEBF9}.Release|ARM64.Build.0 = Release|Any CPU
		{D38E6CF5-21A9-4424-BC3D-47DFA04DEBF9}.Release|iPhone.ActiveCfg = Release|Any CPU
		{D38E6CF5-21A9-4424-BC3D-47DFA04DEBF9}.Release|iPhone.Build.0 = Release|Any CPU
		{D38E6CF5-21A9-4424-BC3D-47DFA04DEBF9}.Release|iPhoneSimulator.ActiveCfg = Release|Any CPU
		{D38E6CF5-21A9-4424-BC3D-47DFA04DEBF9}.Release|iPhoneSimulator.Build.0 = Release|Any CPU
		{D38E6CF5-21A9-4424-BC3D-47DFA04DEBF9}.Release|x64.ActiveCfg = Release|Any CPU
		{D38E6CF5-21A9-4424-BC3D-47DFA04DEBF9}.Release|x64.Build.0 = Release|Any CPU
		{D38E6CF5-21A9-4424-BC3D-47DFA04DEBF9}.Release|x86.ActiveCfg = Release|Any CPU
		{D38E6CF5-21A9-4424-BC3D-47DFA04DEBF9}.Release|x86.Build.0 = Release|Any CPU
		{8BFB01DC-5546-4674-8248-8757804FFF78}.Debug|Any CPU.ActiveCfg = Debug|x86
		{8BFB01DC-5546-4674-8248-8757804FFF78}.Debug|ARM.ActiveCfg = Debug|ARM
		{8BFB01DC-5546-4674-8248-8757804FFF78}.Debug|ARM.Build.0 = Debug|ARM
		{8BFB01DC-5546-4674-8248-8757804FFF78}.Debug|ARM.Deploy.0 = Debug|ARM
		{8BFB01DC-5546-4674-8248-8757804FFF78}.Debug|ARM64.ActiveCfg = Debug|ARM64
		{8BFB01DC-5546-4674-8248-8757804FFF78}.Debug|ARM64.Build.0 = Debug|ARM64
		{8BFB01DC-5546-4674-8248-8757804FFF78}.Debug|ARM64.Deploy.0 = Debug|ARM64
		{8BFB01DC-5546-4674-8248-8757804FFF78}.Debug|iPhone.ActiveCfg = Debug|x86
		{8BFB01DC-5546-4674-8248-8757804FFF78}.Debug|iPhoneSimulator.ActiveCfg = Debug|x86
		{8BFB01DC-5546-4674-8248-8757804FFF78}.Debug|x64.ActiveCfg = Debug|x64
		{8BFB01DC-5546-4674-8248-8757804FFF78}.Debug|x64.Build.0 = Debug|x64
		{8BFB01DC-5546-4674-8248-8757804FFF78}.Debug|x64.Deploy.0 = Debug|x64
		{8BFB01DC-5546-4674-8248-8757804FFF78}.Debug|x86.ActiveCfg = Debug|x86
		{8BFB01DC-5546-4674-8248-8757804FFF78}.Debug|x86.Build.0 = Debug|x86
		{8BFB01DC-5546-4674-8248-8757804FFF78}.Debug|x86.Deploy.0 = Debug|x86
		{8BFB01DC-5546-4674-8248-8757804FFF78}.Release|Any CPU.ActiveCfg = Release|x86
		{8BFB01DC-5546-4674-8248-8757804FFF78}.Release|ARM.ActiveCfg = Release|ARM
		{8BFB01DC-5546-4674-8248-8757804FFF78}.Release|ARM.Build.0 = Release|ARM
		{8BFB01DC-5546-4674-8248-8757804FFF78}.Release|ARM.Deploy.0 = Release|ARM
		{8BFB01DC-5546-4674-8248-8757804FFF78}.Release|ARM64.ActiveCfg = Release|ARM64
		{8BFB01DC-5546-4674-8248-8757804FFF78}.Release|ARM64.Build.0 = Release|ARM64
		{8BFB01DC-5546-4674-8248-8757804FFF78}.Release|ARM64.Deploy.0 = Release|ARM64
		{8BFB01DC-5546-4674-8248-8757804FFF78}.Release|iPhone.ActiveCfg = Release|x86
		{8BFB01DC-5546-4674-8248-8757804FFF78}.Release|iPhoneSimulator.ActiveCfg = Release|x86
		{8BFB01DC-5546-4674-8248-8757804FFF78}.Release|x64.ActiveCfg = Release|x64
		{8BFB01DC-5546-4674-8248-8757804FFF78}.Release|x64.Build.0 = Release|x64
		{8BFB01DC-5546-4674-8248-8757804FFF78}.Release|x64.Deploy.0 = Release|x64
		{8BFB01DC-5546-4674-8248-8757804FFF78}.Release|x86.ActiveCfg = Release|x86
		{8BFB01DC-5546-4674-8248-8757804FFF78}.Release|x86.Build.0 = Release|x86
		{8BFB01DC-5546-4674-8248-8757804FFF78}.Release|x86.Deploy.0 = Release|x86
	EndGlobalSection
	GlobalSection(SolutionProperties) = preSolution
		HideSolutionNode = FALSE
	EndGlobalSection
	GlobalSection(ExtensibilityGlobals) = postSolution
		SolutionGuid = {65431FDD-6E72-4602-BEE5-BBE2A4C7E6D1}
	EndGlobalSection
EndGlobal
